
Microsoft Visual Studio Solution File, Format Version 12.00
# Visual Studio Version 17
VisualStudioVersion = 17.5.33516.290
MinimumVisualStudioVersion = 10.0.40219.1
Project("{FAE04EC0-301F-11D3-BF4B-00C04F79EFBC}") = "lacos-condicionais", "lacos-condicionais\lacos-condicionais.csproj", "{0D528DE7-DB25-4194-9D94-FC35DDD36242}"
EndProject
Global
	GlobalSection(SolutionConfigurationPlatforms) = preSolution
		Debug|Any CPU = Debug|Any CPU
		Release|Any CPU = Release|Any CPU
	EndGlobalSection
	GlobalSection(ProjectConfigurationPlatforms) = postSolution
		{0D528DE7-DB25-4194-9D94-FC35DDD36242}.Debug|Any CPU.ActiveCfg = Debug|Any CPU
		{0D528DE7-DB25-4194-9D94-FC35DDD36242}.Debug|Any CPU.Build.0 = Debug|Any CPU
		{0D528DE7-DB25-4194-9D94-FC35DDD36242}.Release|Any CPU.ActiveCfg = Release|Any CPU
		{0D528DE7-DB25-4194-9D94-FC35DDD36242}.Release|Any CPU.Build.0 = Release|Any CPU
	EndGlobalSection
	GlobalSection(SolutionProperties) = preSolution
		HideSolutionNode = FALSE
	EndGlobalSection
	GlobalSection(ExtensibilityGlobals) = postSolution
		SolutionGuid = {1C189886-BA5A-46FB-A86D-7846678328FF}
	EndGlobalSection
EndGlobal
